
Microsoft Visual Studio Solution File, Format Version 11.00
# Visual Studio 2010
Project("{8BC9CEB8-8B4A-11D0-8D11-00A0C91BC942}") = "fsbuild", "fsbuild.vcxproj", "{37639DBD-ACC5-3356-6488-6A4DF695BBDF}"
EndProject
Global
	GlobalSection(SolutionConfigurationPlatforms) = preSolution
		Debug|Win32 = Debug|Win32
		Release|Win32 = Release|Win32
		Template|Win32 = Template|Win32
	EndGlobalSection
	GlobalSection(ProjectConfigurationPlatforms) = postSolution
		{37639DBD-ACC5-3356-6488-6A4DF695BBDF}.Debug|Win32.ActiveCfg = Debug|Win32
		{37639DBD-ACC5-3356-6488-6A4DF695BBDF}.Debug|Win32.Build.0 = Debug|Win32
		{37639DBD-ACC5-3356-6488-6A4DF695BBDF}.Release|Win32.ActiveCfg = Release|Win32
		{37639DBD-ACC5-3356-6488-6A4DF695BBDF}.Release|Win32.Build.0 = Release|Win32
		{37639DBD-ACC5-3356-6488-6A4DF695BBDF}.Template|Win32.ActiveCfg = Template|Win32
		{37639DBD-ACC5-3356-6488-6A4DF695BBDF}.Template|Win32.Build.0 = Template|Win32
	EndGlobalSection
	GlobalSection(SolutionProperties) = preSolution
		HideSolutionNode = FALSE
	EndGlobalSection
EndGlobal
